// !$*UTF8*$!
{
	archiveVersion = 1;
	classes = {
	};
	objectVersion = 60;
	objects = {

/* Begin PBXBuildFile section */
		06EEA4827ED0B03648D311C6 /* ExpoModulesProvider.swift in Sources */ = {isa = PBXBuildFile; fileRef = 4C46E1B98405A52F71AEBEFA /* ExpoModulesProvider.swift */; };
		13B07FBF1A68108700A75B9A /* Images.xcassets in Resources */ = {isa = PBXBuildFile; fileRef = 13B07FB51A68108700A75B9A /* Images.xcassets */; };
		35D87C192B461733B132887E /* libPods-DailyCommuter.a in Frameworks */ = {isa = PBXBuildFile; fileRef = FC27A3C417AA9C85DA4BF6B1 /* libPods-DailyCommuter.a */; };
		3E461D99554A48A4959DE609 /* SplashScreen.storyboard in Resources */ = {isa = PBXBuildFile; fileRef = AA286B85B6C04FC6940260E9 /* SplashScreen.storyboard */; };
		7ED1DF45810A88FE694E83D0 /* FavoritesBridge.swift in Sources */ = {isa = PBXBuildFile; fileRef = 0F38B7897F23B9FBE5727996 /* FavoritesBridge.swift */; };
		917F19CA5EB4945BEFBF3758 /* FavoritesBridge.m in Sources */ = {isa = PBXBuildFile; fileRef = 57A99C0B0D9998BA2B3A8A63 /* FavoritesBridge.m */; };
		93B342642E386E85006EC422 /* WidgetKit.framework in Frameworks */ = {isa = PBXBuildFile; fileRef = 93B342632E386E85006EC422 /* WidgetKit.framework */; };
		93B342662E386E85006EC422 /* SwiftUI.framework in Frameworks */ = {isa = PBXBuildFile; fileRef = 93B342652E386E85006EC422 /* SwiftUI.framework */; };
		93B342772E386E88006EC422 /* ctaTimesExtension.appex in Embed Foundation Extensions */ = {isa = PBXBuildFile; fileRef = 93B342622E386E85006EC422 /* ctaTimesExtension.appex */; settings = {ATTRIBUTES = (RemoveHeadersOnCopy, ); }; };
		93FA2DF12F49519800BA00A5 /* Arrival.swift in Sources */ = {isa = PBXBuildFile; fileRef = 93FA2DCF2F49519800BA00A5 /* Arrival.swift */; };
		93FA2DF22F49519800BA00A5 /* ArrivalDTO.swift in Sources */ = {isa = PBXBuildFile; fileRef = 93FA2DD02F49519800BA00A5 /* ArrivalDTO.swift */; };
		93FA2DF32F49519800BA00A5 /* Favorite.swift in Sources */ = {isa = PBXBuildFile; fileRef = 93FA2DD12F49519800BA00A5 /* Favorite.swift */; };
		93FA2DF42F49519800BA00A5 /* FavoriteDTO.swift in Sources */ = {isa = PBXBuildFile; fileRef = 93FA2DD22F49519800BA00A5 /* FavoriteDTO.swift */; };
		93FA2DF52F49519800BA00A5 /* Mapping+Arrival.swift in Sources */ = {isa = PBXBuildFile; fileRef = 93FA2DD32F49519800BA00A5 /* Mapping+Arrival.swift */; };
		93FA2DF62F49519800BA00A5 /* Mapping+Favorite.swift in Sources */ = {isa = PBXBuildFile; fileRef = 93FA2DD42F49519800BA00A5 /* Mapping+Favorite.swift */; };
		93FA2DF72F49519800BA00A5 /* CTAService.swift in Sources */ = {isa = PBXBuildFile; fileRef = 93FA2DD62F49519800BA00A5 /* CTAService.swift */; };
		93FA2DF82F49519800BA00A5 /* CTAServiceLive.swift in Sources */ = {isa = PBXBuildFile; fileRef = 93FA2DD72F49519800BA00A5 /* CTAServiceLive.swift */; };
		93FA2DF92F49519800BA00A5 /* SharedStore.swift in Sources */ = {isa = PBXBuildFile; fileRef = 93FA2DD92F49519800BA00A5 /* SharedStore.swift */; };
		93FA2DFA2F49519800BA00A5 /* Arrivals+Refresh.swift in Sources */ = {isa = PBXBuildFile; fileRef = 93FA2DDB2F49519800BA00A5 /* Arrivals+Refresh.swift */; };
		93FA2DFB2F49519800BA00A5 /* Logger.swift in Sources */ = {isa = PBXBuildFile; fileRef = 93FA2DDC2F49519800BA00A5 /* Logger.swift */; };
		93FA2DFC2F49519800BA00A5 /* CtaTimesView.swift in Sources */ = {isa = PBXBuildFile; fileRef = 93FA2DDF2F49519800BA00A5 /* CtaTimesView.swift */; };
		93FA2DFD2F49519800BA00A5 /* CtaTimesView+Preview.swift in Sources */ = {isa = PBXBuildFile; fileRef = 93FA2DE02F49519800BA00A5 /* CtaTimesView+Preview.swift */; };
		93FA2DFE2F49519800BA00A5 /* CtaTimesWidget.swift in Sources */ = {isa = PBXBuildFile; fileRef = 93FA2DE12F49519800BA00A5 /* CtaTimesWidget.swift */; };
		93FA2DFF2F49519800BA00A5 /* FavoriteSelectionIntent.swift in Sources */ = {isa = PBXBuildFile; fileRef = 93FA2DE22F49519800BA00A5 /* FavoriteSelectionIntent.swift */; };
		93FA2E002F49519800BA00A5 /* Provider.swift in Sources */ = {isa = PBXBuildFile; fileRef = 93FA2DE32F49519800BA00A5 /* Provider.swift */; };
		93FA2E012F49519800BA00A5 /* RefreshTimesIntent.swift in Sources */ = {isa = PBXBuildFile; fileRef = 93FA2DE42F49519800BA00A5 /* RefreshTimesIntent.swift */; };
		93FA2E022F49519800BA00A5 /* TimesViewModel.swift in Sources */ = {isa = PBXBuildFile; fileRef = 93FA2DE52F49519800BA00A5 /* TimesViewModel.swift */; };
		93FA2E032F49519800BA00A5 /* FavoritesStore.swift in Sources */ = {isa = PBXBuildFile; fileRef = 93FA2DE82F49519800BA00A5 /* FavoritesStore.swift */; };
		93FA2E042F49519800BA00A5 /* AppIntent.swift in Sources */ = {isa = PBXBuildFile; fileRef = 93FA2DEA2F49519800BA00A5 /* AppIntent.swift */; };
		93FA2E052F49519800BA00A5 /* ctaTimesBundle.swift in Sources */ = {isa = PBXBuildFile; fileRef = 93FA2DEC2F49519800BA00A5 /* ctaTimesBundle.swift */; };
		93FA2E062F49519800BA00A5 /* ctaTimesControl.swift in Sources */ = {isa = PBXBuildFile; fileRef = 93FA2DED2F49519800BA00A5 /* ctaTimesControl.swift */; };
		93FA2E072F49519800BA00A5 /* ctaTimesLiveActivity.swift in Sources */ = {isa = PBXBuildFile; fileRef = 93FA2DEE2F49519800BA00A5 /* ctaTimesLiveActivity.swift */; };
		93FA2E082F49519800BA00A5 /* Assets.xcassets in Resources */ = {isa = PBXBuildFile; fileRef = 93FA2DEB2F49519800BA00A5 /* Assets.xcassets */; };
		93FA2E0A2F49519800BA00A5 /* ArrivalDTO.swift in Sources */ = {isa = PBXBuildFile; fileRef = 93FA2DD02F49519800BA00A5 /* ArrivalDTO.swift */; };
		93FA2E0B2F49519800BA00A5 /* Mapping+Favorite.swift in Sources */ = {isa = PBXBuildFile; fileRef = 93FA2DD42F49519800BA00A5 /* Mapping+Favorite.swift */; };
		93FA2E0C2F49519800BA00A5 /* SharedStore.swift in Sources */ = {isa = PBXBuildFile; fileRef = 93FA2DD92F49519800BA00A5 /* SharedStore.swift */; };
		93FA2E0D2F49519800BA00A5 /* Mapping+Arrival.swift in Sources */ = {isa = PBXBuildFile; fileRef = 93FA2DD32F49519800BA00A5 /* Mapping+Arrival.swift */; };
		93FA2E0E2F49519800BA00A5 /* CTAServiceLive.swift in Sources */ = {isa = PBXBuildFile; fileRef = 93FA2DD72F49519800BA00A5 /* CTAServiceLive.swift */; };
		93FA2E0F2F49519800BA00A5 /* FavoritesStore.swift in Sources */ = {isa = PBXBuildFile; fileRef = 93FA2DE82F49519800BA00A5 /* FavoritesStore.swift */; };
		93FA2E102F49519800BA00A5 /* CTAService.swift in Sources */ = {isa = PBXBuildFile; fileRef = 93FA2DD62F49519800BA00A5 /* CTAService.swift */; };
		93FA2E112F49519800BA00A5 /* Favorite.swift in Sources */ = {isa = PBXBuildFile; fileRef = 93FA2DD12F49519800BA00A5 /* Favorite.swift */; };
		93FA2E122F49519800BA00A5 /* Arrival.swift in Sources */ = {isa = PBXBuildFile; fileRef = 93FA2DCF2F49519800BA00A5 /* Arrival.swift */; };
		93FA2E132F49519800BA00A5 /* FavoriteDTO.swift in Sources */ = {isa = PBXBuildFile; fileRef = 93FA2DD22F49519800BA00A5 /* FavoriteDTO.swift */; };
		BB2F792D24A3F905000567C9 /* Expo.plist in Resources */ = {isa = PBXBuildFile; fileRef = BB2F792C24A3F905000567C9 /* Expo.plist */; };
		E0C7D111FEE0D69D53B21784 /* PrivacyInfo.xcprivacy in Resources */ = {isa = PBXBuildFile; fileRef = DFC5395434A7CB284A71B476 /* PrivacyInfo.xcprivacy */; };
		F11748422D0307B40044C1D9 /* AppDelegate.swift in Sources */ = {isa = PBXBuildFile; fileRef = F11748412D0307B40044C1D9 /* AppDelegate.swift */; };
/* End PBXBuildFile section */

/* Begin PBXContainerItemProxy section */
		93B342752E386E88006EC422 /* PBXContainerItemProxy */ = {
			isa = PBXContainerItemProxy;
			containerPortal = 83CBB9F71A601CBA00E9B192 /* Project object */;
			proxyType = 1;
			remoteGlobalIDString = 93B342612E386E85006EC422;
			remoteInfo = ctaTimesExtension;
		};
/* End PBXContainerItemProxy section */

/* Begin PBXCopyFilesBuildPhase section */
		93B342782E386E88006EC422 /* Embed Foundation Extensions */ = {
			isa = PBXCopyFilesBuildPhase;
			buildActionMask = 2147483647;
			dstPath = "";
			dstSubfolderSpec = 13;
			files = (
				93B342772E386E88006EC422 /* ctaTimesExtension.appex in Embed Foundation Extensions */,
			);
			name = "Embed Foundation Extensions";
			runOnlyForDeploymentPostprocessing = 0;
		};
/* End PBXCopyFilesBuildPhase section */

/* Begin PBXFileReference section */
		0F38B7897F23B9FBE5727996 /* FavoritesBridge.swift */ = {isa = PBXFileReference; lastKnownFileType = sourcecode.swift; path = FavoritesBridge.swift; sourceTree = "<group>"; };
		13B07F961A680F5B00A75B9A /* DailyCommuter.app */ = {isa = PBXFileReference; explicitFileType = wrapper.application; includeInIndex = 0; path = DailyCommuter.app; sourceTree = BUILT_PRODUCTS_DIR; };
		13B07FB51A68108700A75B9A /* Images.xcassets */ = {isa = PBXFileReference; lastKnownFileType = folder.assetcatalog; name = Images.xcassets; path = DailyCommuter/Images.xcassets; sourceTree = "<group>"; };
		13B07FB61A68108700A75B9A /* Info.plist */ = {isa = PBXFileReference; fileEncoding = 4; lastKnownFileType = text.plist.xml; name = Info.plist; path = DailyCommuter/Info.plist; sourceTree = "<group>"; };
		4C46E1B98405A52F71AEBEFA /* ExpoModulesProvider.swift */ = {isa = PBXFileReference; includeInIndex = 1; lastKnownFileType = sourcecode.swift; name = ExpoModulesProvider.swift; path = "Pods/Target Support Files/Pods-DailyCommuter/ExpoModulesProvider.swift"; sourceTree = "<group>"; };
		554FC7DC2DCED18E4B3725FC /* Pods-DailyCommuter.release.xcconfig */ = {isa = PBXFileReference; includeInIndex = 1; lastKnownFileType = text.xcconfig; name = "Pods-DailyCommuter.release.xcconfig"; path = "Target Support Files/Pods-DailyCommuter/Pods-DailyCommuter.release.xcconfig"; sourceTree = "<group>"; };
		57A99C0B0D9998BA2B3A8A63 /* FavoritesBridge.m */ = {isa = PBXFileReference; lastKnownFileType = sourcecode.c.objc; path = FavoritesBridge.m; sourceTree = "<group>"; };
		936473E82E46FD4600750481 /* DailyCommuter.entitlements */ = {isa = PBXFileReference; lastKnownFileType = text.plist.entitlements; name = DailyCommuter.entitlements; path = DailyCommuter/DailyCommuter.entitlements; sourceTree = "<group>"; };
		936473F22E47E01B00750481 /* DailyCommuter-Bridging-Header.h */ = {isa = PBXFileReference; lastKnownFileType = sourcecode.c.h; path = "DailyCommuter-Bridging-Header.h"; sourceTree = "<group>"; };
		93B342622E386E85006EC422 /* ctaTimesExtension.appex */ = {isa = PBXFileReference; explicitFileType = "wrapper.app-extension"; includeInIndex = 0; path = ctaTimesExtension.appex; sourceTree = BUILT_PRODUCTS_DIR; };
		93B342632E386E85006EC422 /* WidgetKit.framework */ = {isa = PBXFileReference; lastKnownFileType = wrapper.framework; name = WidgetKit.framework; path = System/Library/Frameworks/WidgetKit.framework; sourceTree = SDKROOT; };
		93B342652E386E85006EC422 /* SwiftUI.framework */ = {isa = PBXFileReference; lastKnownFileType = wrapper.framework; name = SwiftUI.framework; path = System/Library/Frameworks/SwiftUI.framework; sourceTree = SDKROOT; };
		93B345B72E46F636006EC422 /* ctaTimesExtension.entitlements */ = {isa = PBXFileReference; lastKnownFileType = text.plist.entitlements; path = ctaTimesExtension.entitlements; sourceTree = "<group>"; };
		93FA2DCF2F49519800BA00A5 /* Arrival.swift */ = {isa = PBXFileReference; lastKnownFileType = sourcecode.swift; path = Arrival.swift; sourceTree = "<group>"; };
		93FA2DD02F49519800BA00A5 /* ArrivalDTO.swift */ = {isa = PBXFileReference; lastKnownFileType = sourcecode.swift; path = ArrivalDTO.swift; sourceTree = "<group>"; };
		93FA2DD12F49519800BA00A5 /* Favorite.swift */ = {isa = PBXFileReference; lastKnownFileType = sourcecode.swift; path = Favorite.swift; sourceTree = "<group>"; };
		93FA2DD22F49519800BA00A5 /* FavoriteDTO.swift */ = {isa = PBXFileReference; lastKnownFileType = sourcecode.swift; path = FavoriteDTO.swift; sourceTree = "<group>"; };
		93FA2DD32F49519800BA00A5 /* Mapping+Arrival.swift */ = {isa = PBXFileReference; lastKnownFileType = sourcecode.swift; path = "Mapping+Arrival.swift"; sourceTree = "<group>"; };
		93FA2DD42F49519800BA00A5 /* Mapping+Favorite.swift */ = {isa = PBXFileReference; lastKnownFileType = sourcecode.swift; path = "Mapping+Favorite.swift"; sourceTree = "<group>"; };
		93FA2DD62F49519800BA00A5 /* CTAService.swift */ = {isa = PBXFileReference; lastKnownFileType = sourcecode.swift; path = CTAService.swift; sourceTree = "<group>"; };
		93FA2DD72F49519800BA00A5 /* CTAServiceLive.swift */ = {isa = PBXFileReference; lastKnownFileType = sourcecode.swift; path = CTAServiceLive.swift; sourceTree = "<group>"; };
		93FA2DD92F49519800BA00A5 /* SharedStore.swift */ = {isa = PBXFileReference; lastKnownFileType = sourcecode.swift; path = SharedStore.swift; sourceTree = "<group>"; };
		93FA2DDB2F49519800BA00A5 /* Arrivals+Refresh.swift */ = {isa = PBXFileReference; lastKnownFileType = sourcecode.swift; path = "Arrivals+Refresh.swift"; sourceTree = "<group>"; };
		93FA2DDC2F49519800BA00A5 /* Logger.swift */ = {isa = PBXFileReference; lastKnownFileType = sourcecode.swift; path = Logger.swift; sourceTree = "<group>"; };
		93FA2DDF2F49519800BA00A5 /* CtaTimesView.swift */ = {isa = PBXFileReference; lastKnownFileType = sourcecode.swift; path = CtaTimesView.swift; sourceTree = "<group>"; };
		93FA2DE02F49519800BA00A5 /* CtaTimesView+Preview.swift */ = {isa = PBXFileReference; lastKnownFileType = sourcecode.swift; path = "CtaTimesView+Preview.swift"; sourceTree = "<group>"; };
		93FA2DE12F49519800BA00A5 /* CtaTimesWidget.swift */ = {isa = PBXFileReference; lastKnownFileType = sourcecode.swift; path = CtaTimesWidget.swift; sourceTree = "<group>"; };
		93FA2DE22F49519800BA00A5 /* FavoriteSelectionIntent.swift */ = {isa = PBXFileReference; lastKnownFileType = sourcecode.swift; path = FavoriteSelectionIntent.swift; sourceTree = "<group>"; };
		93FA2DE32F49519800BA00A5 /* Provider.swift */ = {isa = PBXFileReference; lastKnownFileType = sourcecode.swift; path = Provider.swift; sourceTree = "<group>"; };
		93FA2DE42F49519800BA00A5 /* RefreshTimesIntent.swift */ = {isa = PBXFileReference; lastKnownFileType = sourcecode.swift; path = RefreshTimesIntent.swift; sourceTree = "<group>"; };
		93FA2DE52F49519800BA00A5 /* TimesViewModel.swift */ = {isa = PBXFileReference; lastKnownFileType = sourcecode.swift; path = TimesViewModel.swift; sourceTree = "<group>"; };
		93FA2DE82F49519800BA00A5 /* FavoritesStore.swift */ = {isa = PBXFileReference; lastKnownFileType = sourcecode.swift; path = FavoritesStore.swift; sourceTree = "<group>"; };
		93FA2DEA2F49519800BA00A5 /* AppIntent.swift */ = {isa = PBXFileReference; lastKnownFileType = sourcecode.swift; path = AppIntent.swift; sourceTree = "<group>"; };
		93FA2DEB2F49519800BA00A5 /* Assets.xcassets */ = {isa = PBXFileReference; lastKnownFileType = folder.assetcatalog; path = Assets.xcassets; sourceTree = "<group>"; };
		93FA2DEC2F49519800BA00A5 /* ctaTimesBundle.swift */ = {isa = PBXFileReference; lastKnownFileType = sourcecode.swift; path = ctaTimesBundle.swift; sourceTree = "<group>"; };
		93FA2DED2F49519800BA00A5 /* ctaTimesControl.swift */ = {isa = PBXFileReference; lastKnownFileType = sourcecode.swift; path = ctaTimesControl.swift; sourceTree = "<group>"; };
		93FA2DEE2F49519800BA00A5 /* ctaTimesLiveActivity.swift */ = {isa = PBXFileReference; lastKnownFileType = sourcecode.swift; path = ctaTimesLiveActivity.swift; sourceTree = "<group>"; };
		93FA2DEF2F49519800BA00A5 /* Info.plist */ = {isa = PBXFileReference; lastKnownFileType = text.plist.xml; path = Info.plist; sourceTree = "<group>"; };
		AA286B85B6C04FC6940260E9 /* SplashScreen.storyboard */ = {isa = PBXFileReference; fileEncoding = 4; lastKnownFileType = file.storyboard; name = SplashScreen.storyboard; path = DailyCommuter/SplashScreen.storyboard; sourceTree = "<group>"; };
		B8784F242C79851A18D6B577 /* Pods-DailyCommuter.debug.xcconfig */ = {isa = PBXFileReference; includeInIndex = 1; lastKnownFileType = text.xcconfig; name = "Pods-DailyCommuter.debug.xcconfig"; path = "Target Support Files/Pods-DailyCommuter/Pods-DailyCommuter.debug.xcconfig"; sourceTree = "<group>"; };
		BB2F792C24A3F905000567C9 /* Expo.plist */ = {isa = PBXFileReference; fileEncoding = 4; lastKnownFileType = text.plist.xml; path = Expo.plist; sourceTree = "<group>"; };
		DFC5395434A7CB284A71B476 /* PrivacyInfo.xcprivacy */ = {isa = PBXFileReference; includeInIndex = 1; lastKnownFileType = text.xml; name = PrivacyInfo.xcprivacy; path = DailyCommuter/PrivacyInfo.xcprivacy; sourceTree = "<group>"; };
		ED297162215061F000B7C4FE /* JavaScriptCore.framework */ = {isa = PBXFileReference; lastKnownFileType = wrapper.framework; name = JavaScriptCore.framework; path = System/Library/Frameworks/JavaScriptCore.framework; sourceTree = SDKROOT; };
		F11748412D0307B40044C1D9 /* AppDelegate.swift */ = {isa = PBXFileReference; lastKnownFileType = sourcecode.swift; name = AppDelegate.swift; path = DailyCommuter/AppDelegate.swift; sourceTree = "<group>"; };
		FC27A3C417AA9C85DA4BF6B1 /* libPods-DailyCommuter.a */ = {isa = PBXFileReference; explicitFileType = archive.ar; includeInIndex = 0; path = "libPods-DailyCommuter.a"; sourceTree = BUILT_PRODUCTS_DIR; };
/* End PBXFileReference section */

/* Begin PBXFrameworksBuildPhase section */
		13B07F8C1A680F5B00A75B9A /* Frameworks */ = {
			isa = PBXFrameworksBuildPhase;
			buildActionMask = 2147483647;
			files = (
				35D87C192B461733B132887E /* libPods-DailyCommuter.a in Frameworks */,
			);
			runOnlyForDeploymentPostprocessing = 0;
		};
		93B3425F2E386E85006EC422 /* Frameworks */ = {
			isa = PBXFrameworksBuildPhase;
			buildActionMask = 2147483647;
			files = (
				93B342662E386E85006EC422 /* SwiftUI.framework in Frameworks */,
				93B342642E386E85006EC422 /* WidgetKit.framework in Frameworks */,
			);
			runOnlyForDeploymentPostprocessing = 0;
		};
/* End PBXFrameworksBuildPhase section */

/* Begin PBXGroup section */
		13B07FAE1A68108700A75B9A /* DailyCommuter */ = {
			isa = PBXGroup;
			children = (
				936473E82E46FD4600750481 /* DailyCommuter.entitlements */,
				F11748412D0307B40044C1D9 /* AppDelegate.swift */,
				5232BCE0C624152669439524 /* Bridge */,
				BB2F792B24A3F905000567C9 /* Supporting */,
				13B07FB51A68108700A75B9A /* Images.xcassets */,
				13B07FB61A68108700A75B9A /* Info.plist */,
				AA286B85B6C04FC6940260E9 /* SplashScreen.storyboard */,
				DFC5395434A7CB284A71B476 /* PrivacyInfo.xcprivacy */,
				936473F22E47E01B00750481 /* DailyCommuter-Bridging-Header.h */,
			);
			name = DailyCommuter;
			sourceTree = "<group>";
		};
		2D16E6871FA4F8E400B85C8A /* Frameworks */ = {
			isa = PBXGroup;
			children = (
				ED297162215061F000B7C4FE /* JavaScriptCore.framework */,
				93B342632E386E85006EC422 /* WidgetKit.framework */,
				93B342652E386E85006EC422 /* SwiftUI.framework */,
				FC27A3C417AA9C85DA4BF6B1 /* libPods-DailyCommuter.a */,
			);
			name = Frameworks;
			sourceTree = "<group>";
		};
		45C579CEF7617892C1FF17D7 /* ExpoModulesProviders */ = {
			isa = PBXGroup;
			children = (
				9E1C2D377BE3E7D41042FFBB /* DailyCommuter */,
			);
			name = ExpoModulesProviders;
			sourceTree = "<group>";
		};
		5232BCE0C624152669439524 /* Bridge */ = {
			isa = PBXGroup;
			children = (
				0F38B7897F23B9FBE5727996 /* FavoritesBridge.swift */,
				57A99C0B0D9998BA2B3A8A63 /* FavoritesBridge.m */,
			);
			name = Bridge;
			path = DailyCommuter/Bridge;
			sourceTree = "<group>";
		};
		832341AE1AAA6A7D00B99B32 /* Libraries */ = {
			isa = PBXGroup;
			children = (
			);
			name = Libraries;
			sourceTree = "<group>";
		};
		83CBB9F61A601CBA00E9B192 = {
			isa = PBXGroup;
			children = (
				93B345B72E46F636006EC422 /* ctaTimesExtension.entitlements */,
				13B07FAE1A68108700A75B9A /* DailyCommuter */,
				832341AE1AAA6A7D00B99B32 /* Libraries */,
				93FA2DF02F49519800BA00A5 /* ctaTimes */,
				83CBBA001A601CBA00E9B192 /* Products */,
				2D16E6871FA4F8E400B85C8A /* Frameworks */,
				EFB00F26E59BE873D4BF36E5 /* Pods */,
				45C579CEF7617892C1FF17D7 /* ExpoModulesProviders */,
			);
			indentWidth = 2;
			sourceTree = "<group>";
			tabWidth = 2;
			usesTabs = 0;
		};
		83CBBA001A601CBA00E9B192 /* Products */ = {
			isa = PBXGroup;
			children = (
				13B07F961A680F5B00A75B9A /* DailyCommuter.app */,
				93B342622E386E85006EC422 /* ctaTimesExtension.appex */,
			);
			name = Products;
			sourceTree = "<group>";
		};
		93FA2DD52F49519800BA00A5 /* Models */ = {
			isa = PBXGroup;
			children = (
				93FA2DCF2F49519800BA00A5 /* Arrival.swift */,
				93FA2DD02F49519800BA00A5 /* ArrivalDTO.swift */,
				93FA2DD12F49519800BA00A5 /* Favorite.swift */,
				93FA2DD22F49519800BA00A5 /* FavoriteDTO.swift */,
				93FA2DD32F49519800BA00A5 /* Mapping+Arrival.swift */,
				93FA2DD42F49519800BA00A5 /* Mapping+Favorite.swift */,
			);
			path = Models;
			sourceTree = "<group>";
		};
		93FA2DD82F49519800BA00A5 /* Networking */ = {
			isa = PBXGroup;
			children = (
				93FA2DD62F49519800BA00A5 /* CTAService.swift */,
				93FA2DD72F49519800BA00A5 /* CTAServiceLive.swift */,
			);
			path = Networking;
			sourceTree = "<group>";
		};
		93FA2DDA2F49519800BA00A5 /* Persistence */ = {
			isa = PBXGroup;
			children = (
				93FA2DD92F49519800BA00A5 /* SharedStore.swift */,
			);
			path = Persistence;
			sourceTree = "<group>";
		};
		93FA2DDD2F49519800BA00A5 /* Utilities */ = {
			isa = PBXGroup;
			children = (
				93FA2DDB2F49519800BA00A5 /* Arrivals+Refresh.swift */,
				93FA2DDC2F49519800BA00A5 /* Logger.swift */,
			);
			path = Utilities;
			sourceTree = "<group>";
		};
		93FA2DDE2F49519800BA00A5 /* Core */ = {
			isa = PBXGroup;
			children = (
				93FA2DD52F49519800BA00A5 /* Models */,
				93FA2DD82F49519800BA00A5 /* Networking */,
				93FA2DDA2F49519800BA00A5 /* Persistence */,
				93FA2DDD2F49519800BA00A5 /* Utilities */,
			);
			path = Core;
			sourceTree = "<group>";
		};
		93FA2DE62F49519800BA00A5 /* TimesWidget */ = {
			isa = PBXGroup;
			children = (
				93FA2DDF2F49519800BA00A5 /* CtaTimesView.swift */,
				93FA2DE02F49519800BA00A5 /* CtaTimesView+Preview.swift */,
				93FA2DE12F49519800BA00A5 /* CtaTimesWidget.swift */,
				93FA2DE22F49519800BA00A5 /* FavoriteSelectionIntent.swift */,
				93FA2DE32F49519800BA00A5 /* Provider.swift */,
				93FA2DE42F49519800BA00A5 /* RefreshTimesIntent.swift */,
				93FA2DE52F49519800BA00A5 /* TimesViewModel.swift */,
			);
			path = TimesWidget;
			sourceTree = "<group>";
		};
		93FA2DE72F49519800BA00A5 /* Features */ = {
			isa = PBXGroup;
			children = (
				93FA2DE62F49519800BA00A5 /* TimesWidget */,
			);
			path = Features;
			sourceTree = "<group>";
		};
		93FA2DE92F49519800BA00A5 /* Stores */ = {
			isa = PBXGroup;
			children = (
				93FA2DE82F49519800BA00A5 /* FavoritesStore.swift */,
			);
			path = Stores;
			sourceTree = "<group>";
		};
		93FA2DF02F49519800BA00A5 /* ctaTimes */ = {
			isa = PBXGroup;
			children = (
				93FA2DDE2F49519800BA00A5 /* Core */,
				93FA2DE72F49519800BA00A5 /* Features */,
				93FA2DE92F49519800BA00A5 /* Stores */,
				93FA2DEA2F49519800BA00A5 /* AppIntent.swift */,
				93FA2DEB2F49519800BA00A5 /* Assets.xcassets */,
				93FA2DEC2F49519800BA00A5 /* ctaTimesBundle.swift */,
				93FA2DED2F49519800BA00A5 /* ctaTimesControl.swift */,
				93FA2DEE2F49519800BA00A5 /* ctaTimesLiveActivity.swift */,
				93FA2DEF2F49519800BA00A5 /* Info.plist */,
			);
			path = ctaTimes;
			sourceTree = "<group>";
		};
		9E1C2D377BE3E7D41042FFBB /* DailyCommuter */ = {
			isa = PBXGroup;
			children = (
				4C46E1B98405A52F71AEBEFA /* ExpoModulesProvider.swift */,
			);
			name = DailyCommuter;
			sourceTree = "<group>";
		};
		BB2F792B24A3F905000567C9 /* Supporting */ = {
			isa = PBXGroup;
			children = (
				BB2F792C24A3F905000567C9 /* Expo.plist */,
			);
			name = Supporting;
			path = DailyCommuter/Supporting;
			sourceTree = "<group>";
		};
		EFB00F26E59BE873D4BF36E5 /* Pods */ = {
			isa = PBXGroup;
			children = (
				B8784F242C79851A18D6B577 /* Pods-DailyCommuter.debug.xcconfig */,
				554FC7DC2DCED18E4B3725FC /* Pods-DailyCommuter.release.xcconfig */,
			);
			path = Pods;
			sourceTree = "<group>";
		};
/* End PBXGroup section */

/* Begin PBXNativeTarget section */
		13B07F861A680F5B00A75B9A /* DailyCommuter */ = {
			isa = PBXNativeTarget;
			buildConfigurationList = 13B07F931A680F5B00A75B9A /* Build configuration list for PBXNativeTarget "DailyCommuter" */;
			buildPhases = (
				DC3A8E4B756FE42187F5AEFA /* [CP] Check Pods Manifest.lock */,
				E9538567AA3338C84FA31270 /* [Expo] Configure project */,
				13B07F871A680F5B00A75B9A /* Sources */,
				13B07F8C1A680F5B00A75B9A /* Frameworks */,
				13B07F8E1A680F5B00A75B9A /* Resources */,
				00DD1BFF1BD5951E006B06BC /* Bundle React Native code and images */,
				93B342782E386E88006EC422 /* Embed Foundation Extensions */,
				5C60E008D8F2AD24F2F42B56 /* [CP] Embed Pods Frameworks */,
				96CE70B980F16FBD77E28F35 /* [CP] Copy Pods Resources */,
			);
			buildRules = (
			);
			dependencies = (
				93B342762E386E88006EC422 /* PBXTargetDependency */,
			);
			name = DailyCommuter;
			productName = DailyCommuter;
			productReference = 13B07F961A680F5B00A75B9A /* DailyCommuter.app */;
			productType = "com.apple.product-type.application";
		};
		93B342612E386E85006EC422 /* ctaTimesExtension */ = {
			isa = PBXNativeTarget;
			buildConfigurationList = 93B3427C2E386E88006EC422 /* Build configuration list for PBXNativeTarget "ctaTimesExtension" */;
			buildPhases = (
				EDCEF53098212365B055E31F /* [Validate] No React imports in widget sources */,
				93B3425E2E386E85006EC422 /* Sources */,
				93B3425F2E386E85006EC422 /* Frameworks */,
				93B342602E386E85006EC422 /* Resources */,
			);
			buildRules = (
			);
			dependencies = (
			);
			name = ctaTimesExtension;
			productName = ctaTimesExtension;
			productReference = 93B342622E386E85006EC422 /* ctaTimesExtension.appex */;
			productType = "com.apple.product-type.app-extension";
		};
/* End PBXNativeTarget section */

/* Begin PBXProject section */
		83CBB9F71A601CBA00E9B192 /* Project object */ = {
			isa = PBXProject;
			attributes = {
				BuildIndependentTargetsInParallel = YES;
				LastSwiftUpdateCheck = 1630;
				LastUpgradeCheck = 1630;
				TargetAttributes = {
					13B07F861A680F5B00A75B9A = {
						LastSwiftMigration = 1250;
					};
					93B342612E386E85006EC422 = {
						CreatedOnToolsVersion = 16.3;
					};
				};
			};
			buildConfigurationList = 83CBB9FA1A601CBA00E9B192 /* Build configuration list for PBXProject "DailyCommuter" */;
			compatibilityVersion = "Xcode 15.0";
			developmentRegion = en;
			hasScannedForEncodings = 0;
			knownRegions = (
				en,
				Base,
			);
			mainGroup = 83CBB9F61A601CBA00E9B192;
			productRefGroup = 83CBBA001A601CBA00E9B192 /* Products */;
			projectDirPath = "";
			projectRoot = "";
			targets = (
				13B07F861A680F5B00A75B9A /* DailyCommuter */,
				93B342612E386E85006EC422 /* ctaTimesExtension */,
			);
		};
/* End PBXProject section */

/* Begin PBXResourcesBuildPhase section */
		13B07F8E1A680F5B00A75B9A /* Resources */ = {
			isa = PBXResourcesBuildPhase;
			buildActionMask = 2147483647;
			files = (
				BB2F792D24A3F905000567C9 /* Expo.plist in Resources */,
				13B07FBF1A68108700A75B9A /* Images.xcassets in Resources */,
				3E461D99554A48A4959DE609 /* SplashScreen.storyboard in Resources */,
				E0C7D111FEE0D69D53B21784 /* PrivacyInfo.xcprivacy in Resources */,
			);
			runOnlyForDeploymentPostprocessing = 0;
		};
		93B342602E386E85006EC422 /* Resources */ = {
			isa = PBXResourcesBuildPhase;
			buildActionMask = 2147483647;
			files = (
				93FA2E082F49519800BA00A5 /* Assets.xcassets in Resources */,
			);
			runOnlyForDeploymentPostprocessing = 0;
		};
/* End PBXResourcesBuildPhase section */

/* Begin PBXShellScriptBuildPhase section */
		00DD1BFF1BD5951E006B06BC /* Bundle React Native code and images */ = {
			isa = PBXShellScriptBuildPhase;
			alwaysOutOfDate = 1;
			buildActionMask = 2147483647;
			files = (
			);
			inputPaths = (
			);
			name = "Bundle React Native code and images";
			outputPaths = (
			);
			runOnlyForDeploymentPostprocessing = 0;
			shellPath = /bin/sh;
			shellScript = "if [[ -f \"$PODS_ROOT/../.xcode.env\" ]]; then\n  source \"$PODS_ROOT/../.xcode.env\"\nfi\nif [[ -f \"$PODS_ROOT/../.xcode.env.local\" ]]; then\n  source \"$PODS_ROOT/../.xcode.env.local\"\nfi\n\n# The project root by default is one level up from the ios directory\nexport PROJECT_ROOT=\"$PROJECT_DIR\"/..\n\nif [[ \"$CONFIGURATION\" = *Debug* ]]; then\n  export SKIP_BUNDLING=1\nfi\nif [[ -z \"$ENTRY_FILE\" ]]; then\n  # Set the entry JS file using the bundler's entry resolution.\n  export ENTRY_FILE=\"$(\"$NODE_BINARY\" -e \"require('expo/scripts/resolveAppEntry')\" \"$PROJECT_ROOT\" ios absolute | tail -n 1)\"\nfi\n\nif [[ -z \"$CLI_PATH\" ]]; then\n  # Use Expo CLI\n  export CLI_PATH=\"$(\"$NODE_BINARY\" --print \"require.resolve('@expo/cli', { paths: [require.resolve('expo/package.json')] })\")\"\nfi\nif [[ -z \"$BUNDLE_COMMAND\" ]]; then\n  # Default Expo CLI command for bundling\n  export BUNDLE_COMMAND=\"export:embed\"\nfi\n\n# Source .xcode.env.updates if it exists to allow\n# SKIP_BUNDLING to be unset if needed\nif [[ -f \"$PODS_ROOT/../.xcode.env.updates\" ]]; then\n  source \"$PODS_ROOT/../.xcode.env.updates\"\nfi\n# Source local changes to allow overrides\n# if needed\nif [[ -f \"$PODS_ROOT/../.xcode.env.local\" ]]; then\n  source \"$PODS_ROOT/../.xcode.env.local\"\nfi\n\n`\"$NODE_BINARY\" --print \"require('path').dirname(require.resolve('react-native/package.json')) + '/scripts/react-native-xcode.sh'\"`\n\n";
		};
		5C60E008D8F2AD24F2F42B56 /* [CP] Embed Pods Frameworks */ = {
			isa = PBXShellScriptBuildPhase;
			buildActionMask = 2147483647;
			files = (
			);
			inputFileListPaths = (
				"${PODS_ROOT}/Target Support Files/Pods-DailyCommuter/Pods-DailyCommuter-frameworks-${CONFIGURATION}-input-files.xcfilelist",
			);
			name = "[CP] Embed Pods Frameworks";
			outputFileListPaths = (
				"${PODS_ROOT}/Target Support Files/Pods-DailyCommuter/Pods-DailyCommuter-frameworks-${CONFIGURATION}-output-files.xcfilelist",
			);
			runOnlyForDeploymentPostprocessing = 0;
			shellPath = /bin/sh;
			shellScript = "\"${PODS_ROOT}/Target Support Files/Pods-DailyCommuter/Pods-DailyCommuter-frameworks.sh\"\n";
			showEnvVarsInLog = 0;
		};
		96CE70B980F16FBD77E28F35 /* [CP] Copy Pods Resources */ = {
			isa = PBXShellScriptBuildPhase;
			buildActionMask = 2147483647;
			files = (
			);
			inputFileListPaths = (
				"${PODS_ROOT}/Target Support Files/Pods-DailyCommuter/Pods-DailyCommuter-resources-${CONFIGURATION}-input-files.xcfilelist",
			);
			name = "[CP] Copy Pods Resources";
			outputFileListPaths = (
				"${PODS_ROOT}/Target Support Files/Pods-DailyCommuter/Pods-DailyCommuter-resources-${CONFIGURATION}-output-files.xcfilelist",
			);
			runOnlyForDeploymentPostprocessing = 0;
			shellPath = /bin/sh;
			shellScript = "\"${PODS_ROOT}/Target Support Files/Pods-DailyCommuter/Pods-DailyCommuter-resources.sh\"\n";
			showEnvVarsInLog = 0;
		};
		DC3A8E4B756FE42187F5AEFA /* [CP] Check Pods Manifest.lock */ = {
			isa = PBXShellScriptBuildPhase;
			buildActionMask = 2147483647;
			files = (
			);
			inputFileListPaths = (
			);
			inputPaths = (
				"${PODS_PODFILE_DIR_PATH}/Podfile.lock",
				"${PODS_ROOT}/Manifest.lock",
			);
			name = "[CP] Check Pods Manifest.lock";
			outputFileListPaths = (
			);
			outputPaths = (
				"$(DERIVED_FILE_DIR)/Pods-DailyCommuter-checkManifestLockResult.txt",
			);
			runOnlyForDeploymentPostprocessing = 0;
			shellPath = /bin/sh;
			shellScript = "diff \"${PODS_PODFILE_DIR_PATH}/Podfile.lock\" \"${PODS_ROOT}/Manifest.lock\" > /dev/null\nif [ $? != 0 ] ; then\n    # print error to STDERR\n    echo \"error: The sandbox is not in sync with the Podfile.lock. Run 'pod install' or update your CocoaPods installation.\" >&2\n    exit 1\nfi\n# This output is used by Xcode 'outputs' to avoid re-running this script phase.\necho \"SUCCESS\" > \"${SCRIPT_OUTPUT_FILE_0}\"\n";
			showEnvVarsInLog = 0;
		};
		E9538567AA3338C84FA31270 /* [Expo] Configure project */ = {
			isa = PBXShellScriptBuildPhase;
			alwaysOutOfDate = 1;
			buildActionMask = 2147483647;
			files = (
			);
			inputFileListPaths = (
			);
			inputPaths = (
			);
			name = "[Expo] Configure project";
			outputFileListPaths = (
			);
			outputPaths = (
			);
			runOnlyForDeploymentPostprocessing = 0;
			shellPath = /bin/sh;
			shellScript = "# This script configures Expo modules and generates the modules provider file.\nbash -l -c \"./Pods/Target\\ Support\\ Files/Pods-DailyCommuter/expo-configure-project.sh\"\n";
		};
		EDCEF53098212365B055E31F /* [Validate] No React imports in widget sources */ = {
			isa = PBXShellScriptBuildPhase;
			alwaysOutOfDate = 1;
			buildActionMask = 2147483647;
			files = (
			);
			inputPaths = (
			);
			name = "[Validate] No React imports in widget sources";
			outputPaths = (
			);
			runOnlyForDeploymentPostprocessing = 0;
			shellPath = /bin/bash;
			shellScript = "#!/bin/bash\n# Validate: No React Native imports in widget extension source files.\n# This prevents accidental `import React` in shared code that would\n# break the widget build.\n\nFORBIDDEN_PATTERNS=(\n    \"^import React$\"\n    \"^import React \"\n    \"^import ReactAppDependencyProvider\"\n    \"#import <React/\"\n    \"RCTPromiseResolveBlock\"\n    \"RCTPromiseRejectBlock\"\n    \"RCTBridgeModule\"\n)\n\nERRORS_FOUND=0\n\n# Scan all .swift and .m files in the ctaTimes directory\nwhile IFS= read -r -d '' file; do\n    for pattern in \"${FORBIDDEN_PATTERNS[@]}\"; do\n        if grep -qE \"$pattern\" \"$file\"; then\n            echo \"error: Forbidden React Native import found in widget-eligible file: $file\"\n            echo \"error: Pattern matched: $pattern\"\n            echo \"error: This file is compiled by the ctaTimesExtension target, which cannot link React Native.\"\n            echo \"error: Move React-dependent code to ios/DailyCommuter/Bridge/ or wrap it in #if APP_TARGET.\"\n            ERRORS_FOUND=$((ERRORS_FOUND + 1))\n        fi\n    done\ndone < <(find \"${SRCROOT}/ctaTimes\" \\( -name \"*.swift\" -o -name \"*.m\" \\) -print0)\n\nif [ $ERRORS_FOUND -gt 0 ]; then\n    echo \"error: Found $ERRORS_FOUND React Native import violation(s) in widget source files.\"\n    exit 1\nfi\n\necho \"Widget source validation passed: no React Native imports found.\"\n";
		};
/* End PBXShellScriptBuildPhase section */

/* Begin PBXSourcesBuildPhase section */
		13B07F871A680F5B00A75B9A /* Sources */ = {
			isa = PBXSourcesBuildPhase;
			buildActionMask = 2147483647;
			files = (
				F11748422D0307B40044C1D9 /* AppDelegate.swift in Sources */,
				06EEA4827ED0B03648D311C6 /* ExpoModulesProvider.swift in Sources */,
				7ED1DF45810A88FE694E83D0 /* FavoritesBridge.swift in Sources */,
				93FA2E0A2F49519800BA00A5 /* ArrivalDTO.swift in Sources */,
				93FA2E0B2F49519800BA00A5 /* Mapping+Favorite.swift in Sources */,
				93FA2E0C2F49519800BA00A5 /* SharedStore.swift in Sources */,
				93FA2E0D2F49519800BA00A5 /* Mapping+Arrival.swift in Sources */,
				93FA2E0E2F49519800BA00A5 /* CTAServiceLive.swift in Sources */,
				93FA2E0F2F49519800BA00A5 /* FavoritesStore.swift in Sources */,
				93FA2E102F49519800BA00A5 /* CTAService.swift in Sources */,
				93FA2E112F49519800BA00A5 /* Favorite.swift in Sources */,
				93FA2E122F49519800BA00A5 /* Arrival.swift in Sources */,
				93FA2E132F49519800BA00A5 /* FavoriteDTO.swift in Sources */,
				917F19CA5EB4945BEFBF3758 /* FavoritesBridge.m in Sources */,
			);
			runOnlyForDeploymentPostprocessing = 0;
		};
		93B3425E2E386E85006EC422 /* Sources */ = {
			isa = PBXSourcesBuildPhase;
			buildActionMask = 2147483647;
			files = (
				93FA2DF12F49519800BA00A5 /* Arrival.swift in Sources */,
				93FA2DF22F49519800BA00A5 /* ArrivalDTO.swift in Sources */,
				93FA2DF32F49519800BA00A5 /* Favorite.swift in Sources */,
				93FA2DF42F49519800BA00A5 /* FavoriteDTO.swift in Sources */,
				93FA2DF52F49519800BA00A5 /* Mapping+Arrival.swift in Sources */,
				93FA2DF62F49519800BA00A5 /* Mapping+Favorite.swift in Sources */,
				93FA2DF72F49519800BA00A5 /* CTAService.swift in Sources */,
				93FA2DF82F49519800BA00A5 /* CTAServiceLive.swift in Sources */,
				93FA2DF92F49519800BA00A5 /* SharedStore.swift in Sources */,
				93FA2DFA2F49519800BA00A5 /* Arrivals+Refresh.swift in Sources */,
				93FA2DFB2F49519800BA00A5 /* Logger.swift in Sources */,
				93FA2DFC2F49519800BA00A5 /* CtaTimesView.swift in Sources */,
				93FA2DFD2F49519800BA00A5 /* CtaTimesView+Preview.swift in Sources */,
				93FA2DFE2F49519800BA00A5 /* CtaTimesWidget.swift in Sources */,
				93FA2DFF2F49519800BA00A5 /* FavoriteSelectionIntent.swift in Sources */,
				93FA2E002F49519800BA00A5 /* Provider.swift in Sources */,
				93FA2E012F49519800BA00A5 /* RefreshTimesIntent.swift in Sources */,
				93FA2E022F49519800BA00A5 /* TimesViewModel.swift in Sources */,
				93FA2E032F49519800BA00A5 /* FavoritesStore.swift in Sources */,
				93FA2E042F49519800BA00A5 /* AppIntent.swift in Sources */,
				93FA2E052F49519800BA00A5 /* ctaTimesBundle.swift in Sources */,
				93FA2E062F49519800BA00A5 /* ctaTimesControl.swift in Sources */,
				93FA2E072F49519800BA00A5 /* ctaTimesLiveActivity.swift in Sources */,
			);
			runOnlyForDeploymentPostprocessing = 0;
		};
/* End PBXSourcesBuildPhase section */

/* Begin PBXTargetDependency section */
		93B342762E386E88006EC422 /* PBXTargetDependency */ = {
			isa = PBXTargetDependency;
			target = 93B342612E386E85006EC422 /* ctaTimesExtension */;
			targetProxy = 93B342752E386E88006EC422 /* PBXContainerItemProxy */;
		};
/* End PBXTargetDependency section */

/* Begin XCBuildConfiguration section */
		13B07F941A680F5B00A75B9A /* Debug */ = {
			isa = XCBuildConfiguration;
			baseConfigurationReference = B8784F242C79851A18D6B577 /* Pods-DailyCommuter.debug.xcconfig */;
			buildSettings = {
				ASSETCATALOG_COMPILER_APPICON_NAME = AppIcon;
				CLANG_ENABLE_MODULES = YES;
				CODE_SIGN_ENTITLEMENTS = DailyCommuter/DailyCommuter.entitlements;
				CURRENT_PROJECT_VERSION = 8;
				ENABLE_BITCODE = NO;
				GCC_PREPROCESSOR_DEFINITIONS = (
					"$(inherited)",
					"FB_SONARKIT_ENABLED=1",
				);
				INFOPLIST_FILE = DailyCommuter/Info.plist;
				IPHONEOS_DEPLOYMENT_TARGET = 15.1;
				LD_RUNPATH_SEARCH_PATHS = (
					"$(inherited)",
					"@executable_path/Frameworks",
				);
				MARKETING_VERSION = 2.0;
				OTHER_LDFLAGS = (
					"$(inherited)",
					"-ObjC",
					"-lc++",
				);
				OTHER_SWIFT_FLAGS = "$(inherited) -D EXPO_CONFIGURATION_DEBUG";
				PRODUCT_BUNDLE_IDENTIFIER = com.aaronwilliams.commuterv4;
				PRODUCT_NAME = DailyCommuter;
				SWIFT_ACTIVE_COMPILATION_CONDITIONS = "$(inherited) DEBUG APP_TARGET";
				SWIFT_OBJC_BRIDGING_HEADER = "DailyCommuter-Bridging-Header.h";
				SWIFT_OPTIMIZATION_LEVEL = "-Onone";
				SWIFT_VERSION = 5.0;
				TARGETED_DEVICE_FAMILY = "1,2";
				VERSIONING_SYSTEM = "apple-generic";
			};
			name = Debug;
		};
		13B07F951A680F5B00A75B9A /* Release */ = {
			isa = XCBuildConfiguration;
			baseConfigurationReference = 554FC7DC2DCED18E4B3725FC /* Pods-DailyCommuter.release.xcconfig */;
			buildSettings = {
				ASSETCATALOG_COMPILER_APPICON_NAME = AppIcon;
				CLANG_ENABLE_MODULES = YES;
				CODE_SIGN_ENTITLEMENTS = DailyCommuter/DailyCommuter.entitlements;
				CURRENT_PROJECT_VERSION = 8;
				INFOPLIST_FILE = DailyCommuter/Info.plist;
				IPHONEOS_DEPLOYMENT_TARGET = 15.1;
				LD_RUNPATH_SEARCH_PATHS = (
					"$(inherited)",
					"@executable_path/Frameworks",
				);
				MARKETING_VERSION = 2.0;
				OTHER_LDFLAGS = (
					"$(inherited)",
					"-ObjC",
					"-lc++",
				);
				OTHER_SWIFT_FLAGS = "$(inherited) -D EXPO_CONFIGURATION_RELEASE";
				PRODUCT_BUNDLE_IDENTIFIER = com.aaronwilliams.commuterv4;
				PRODUCT_NAME = DailyCommuter;
				SWIFT_ACTIVE_COMPILATION_CONDITIONS = "$(inherited) APP_TARGET";
				SWIFT_OBJC_BRIDGING_HEADER = "DailyCommuter-Bridging-Header.h";
				SWIFT_VERSION = 5.0;
				TARGETED_DEVICE_FAMILY = "1,2";
				VERSIONING_SYSTEM = "apple-generic";
			};
			name = Release;
		};
		83CBBA201A601CBA00E9B192 /* Debug */ = {
			isa = XCBuildConfiguration;
			buildSettings = {
				ALWAYS_SEARCH_USER_PATHS = NO;
				CLANG_ANALYZER_LOCALIZABILITY_NONLOCALIZED = YES;
				CLANG_CXX_LANGUAGE_STANDARD = "c++20";
				CLANG_CXX_LIBRARY = "libc++";
				CLANG_ENABLE_MODULES = YES;
				CLANG_ENABLE_OBJC_ARC = YES;
				CLANG_WARN_BLOCK_CAPTURE_AUTORELEASING = YES;
				CLANG_WARN_BOOL_CONVERSION = YES;
				CLANG_WARN_COMMA = YES;
				CLANG_WARN_CONSTANT_CONVERSION = YES;
				CLANG_WARN_DEPRECATED_OBJC_IMPLEMENTATIONS = YES;
				CLANG_WARN_DIRECT_OBJC_ISA_USAGE = YES_ERROR;
				CLANG_WARN_EMPTY_BODY = YES;
				CLANG_WARN_ENUM_CONVERSION = YES;
				CLANG_WARN_INFINITE_RECURSION = YES;
				CLANG_WARN_INT_CONVERSION = YES;
				CLANG_WARN_NON_LITERAL_NULL_CONVERSION = YES;
				CLANG_WARN_OBJC_IMPLICIT_RETAIN_SELF = YES;
				CLANG_WARN_OBJC_LITERAL_CONVERSION = YES;
				CLANG_WARN_OBJC_ROOT_CLASS = YES_ERROR;
				CLANG_WARN_QUOTED_INCLUDE_IN_FRAMEWORK_HEADER = YES;
				CLANG_WARN_RANGE_LOOP_ANALYSIS = YES;
				CLANG_WARN_STRICT_PROTOTYPES = YES;
				CLANG_WARN_SUSPICIOUS_MOVE = YES;
				CLANG_WARN_UNREACHABLE_CODE = YES;
				CLANG_WARN__DUPLICATE_METHOD_MATCH = YES;
				"CODE_SIGN_IDENTITY[sdk=iphoneos*]" = "iPhone Developer";
				COPY_PHASE_STRIP = NO;
				DEVELOPMENT_TEAM = 2NR99S8U6K;
				ENABLE_STRICT_OBJC_MSGSEND = YES;
				ENABLE_TESTABILITY = YES;
				GCC_C_LANGUAGE_STANDARD = gnu99;
				GCC_DYNAMIC_NO_PIC = NO;
				GCC_NO_COMMON_BLOCKS = YES;
				GCC_OPTIMIZATION_LEVEL = 0;
				GCC_PREPROCESSOR_DEFINITIONS = (
					"DEBUG=1",
					"$(inherited)",
				);
				GCC_SYMBOLS_PRIVATE_EXTERN = NO;
				GCC_WARN_64_TO_32_BIT_CONVERSION = YES;
				GCC_WARN_ABOUT_RETURN_TYPE = YES_ERROR;
				GCC_WARN_UNDECLARED_SELECTOR = YES;
				GCC_WARN_UNINITIALIZED_AUTOS = YES_AGGRESSIVE;
				GCC_WARN_UNUSED_FUNCTION = YES;
				GCC_WARN_UNUSED_VARIABLE = YES;
				IPHONEOS_DEPLOYMENT_TARGET = 15.1;
				LD_RUNPATH_SEARCH_PATHS = (
					/usr/lib/swift,
					"$(inherited)",
				);
				LIBRARY_SEARCH_PATHS = "$(SDKROOT)/usr/lib/swift\"$(inherited)\"";
				MTL_ENABLE_DEBUG_INFO = YES;
				ONLY_ACTIVE_ARCH = YES;
				OTHER_LDFLAGS = (
					"$(inherited)",
					" ",
				);
				REACT_NATIVE_PATH = "${PODS_ROOT}/../../node_modules/react-native";
				SDKROOT = iphoneos;
				SWIFT_ACTIVE_COMPILATION_CONDITIONS = "$(inherited) DEBUG";
				USE_HERMES = true;
			};
			name = Debug;
		};
		83CBBA211A601CBA00E9B192 /* Release */ = {
			isa = XCBuildConfiguration;
			buildSettings = {
				ALWAYS_SEARCH_USER_PATHS = NO;
				CLANG_ANALYZER_LOCALIZABILITY_NONLOCALIZED = YES;
				CLANG_CXX_LANGUAGE_STANDARD = "c++20";
				CLANG_CXX_LIBRARY = "libc++";
				CLANG_ENABLE_MODULES = YES;
				CLANG_ENABLE_OBJC_ARC = YES;
				CLANG_WARN_BLOCK_CAPTURE_AUTORELEASING = YES;
				CLANG_WARN_BOOL_CONVERSION = YES;
				CLANG_WARN_COMMA = YES;
				CLANG_WARN_CONSTANT_CONVERSION = YES;
				CLANG_WARN_DEPRECATED_OBJC_IMPLEMENTATIONS = YES;
				CLANG_WARN_DIRECT_OBJC_ISA_USAGE = YES_ERROR;
				CLANG_WARN_EMPTY_BODY = YES;
				CLANG_WARN_ENUM_CONVERSION = YES;
				CLANG_WARN_INFINITE_RECURSION = YES;
				CLANG_WARN_INT_CONVERSION = YES;
				CLANG_WARN_NON_LITERAL_NULL_CONVERSION = YES;
				CLANG_WARN_OBJC_IMPLICIT_RETAIN_SELF = YES;
				CLANG_WARN_OBJC_LITERAL_CONVERSION = YES;
				CLANG_WARN_OBJC_ROOT_CLASS = YES_ERROR;
				CLANG_WARN_QUOTED_INCLUDE_IN_FRAMEWORK_HEADER = YES;
				CLANG_WARN_RANGE_LOOP_ANALYSIS = YES;
				CLANG_WARN_STRICT_PROTOTYPES = YES;
				CLANG_WARN_SUSPICIOUS_MOVE = YES;
				CLANG_WARN_UNREACHABLE_CODE = YES;
				CLANG_WARN__DUPLICATE_METHOD_MATCH = YES;
				"CODE_SIGN_IDENTITY[sdk=iphoneos*]" = "iPhone Developer";
				COPY_PHASE_STRIP = YES;
				DEVELOPMENT_TEAM = 2NR99S8U6K;
				ENABLE_NS_ASSERTIONS = NO;
				ENABLE_STRICT_OBJC_MSGSEND = YES;
				GCC_C_LANGUAGE_STANDARD = gnu99;
				GCC_NO_COMMON_BLOCKS = YES;
				GCC_WARN_64_TO_32_BIT_CONVERSION = YES;
				GCC_WARN_ABOUT_RETURN_TYPE = YES_ERROR;
				GCC_WARN_UNDECLARED_SELECTOR = YES;
				GCC_WARN_UNINITIALIZED_AUTOS = YES_AGGRESSIVE;
				GCC_WARN_UNUSED_FUNCTION = YES;
				GCC_WARN_UNUSED_VARIABLE = YES;
				IPHONEOS_DEPLOYMENT_TARGET = 15.1;
				LD_RUNPATH_SEARCH_PATHS = (
					/usr/lib/swift,
					"$(inherited)",
				);
				LIBRARY_SEARCH_PATHS = "$(SDKROOT)/usr/lib/swift\"$(inherited)\"";
				MTL_ENABLE_DEBUG_INFO = NO;
				OTHER_LDFLAGS = (
					"$(inherited)",
					" ",
				);
				REACT_NATIVE_PATH = "${PODS_ROOT}/../../node_modules/react-native";
				SDKROOT = iphoneos;
				SWIFT_COMPILATION_MODE = wholemodule;
				USE_HERMES = true;
				VALIDATE_PRODUCT = YES;
			};
			name = Release;
		};
		93B342792E386E88006EC422 /* Debug */ = {
			isa = XCBuildConfiguration;
			buildSettings = {
				ASSETCATALOG_COMPILER_GENERATE_SWIFT_ASSET_SYMBOL_EXTENSIONS = YES;
				ASSETCATALOG_COMPILER_GLOBAL_ACCENT_COLOR_NAME = AccentColor;
				ASSETCATALOG_COMPILER_WIDGET_BACKGROUND_COLOR_NAME = WidgetBackground;
				CLANG_ANALYZER_NONNULL = YES;
				CLANG_ANALYZER_NUMBER_OBJECT_CONVERSION = YES_AGGRESSIVE;
				CLANG_CXX_LANGUAGE_STANDARD = "gnu++20";
				CLANG_ENABLE_OBJC_WEAK = YES;
				CLANG_WARN_DOCUMENTATION_COMMENTS = YES;
				CLANG_WARN_QUOTED_INCLUDE_IN_FRAMEWORK_HEADER = YES;
				CLANG_WARN_UNGUARDED_AVAILABILITY = YES_AGGRESSIVE;
				CODE_SIGN_ENTITLEMENTS = ctaTimesExtension.entitlements;
				CODE_SIGN_STYLE = Automatic;
				CURRENT_PROJECT_VERSION = 8;
				DEBUG_INFORMATION_FORMAT = dwarf;
				ENABLE_USER_SCRIPT_SANDBOXING = YES;
				GCC_C_LANGUAGE_STANDARD = gnu17;
				GENERATE_INFOPLIST_FILE = YES;
				INFOPLIST_FILE = ctaTimes/Info.plist;
				INFOPLIST_KEY_CFBundleDisplayName = ctaTimes;
				INFOPLIST_KEY_NSHumanReadableCopyright = "";
				IPHONEOS_DEPLOYMENT_TARGET = 18.4;
				LD_RUNPATH_SEARCH_PATHS = (
					"$(inherited)",
					"@executable_path/Frameworks",
					"@executable_path/../../Frameworks",
				);
				LOCALIZATION_PREFERS_STRING_CATALOGS = YES;
				MARKETING_VERSION = 2.0;
				MTL_ENABLE_DEBUG_INFO = INCLUDE_SOURCE;
				MTL_FAST_MATH = YES;
				OTHER_SWIFT_FLAGS = "$(inherited) -D EXPO_CONFIGURATION_DEBUG";
				PRODUCT_BUNDLE_IDENTIFIER = com.aaronwilliams.commuterv4.ctaTimes;
				PRODUCT_NAME = "$(TARGET_NAME)";
				SKIP_INSTALL = YES;
				SWIFT_ACTIVE_COMPILATION_CONDITIONS = "DEBUG $(inherited)";
				SWIFT_EMIT_LOC_STRINGS = YES;
				SWIFT_OPTIMIZATION_LEVEL = "-Onone";
				SWIFT_VERSION = 5.0;
				TARGETED_DEVICE_FAMILY = "1,2";
				VERSIONING_SYSTEM = "apple-generic";
			};
			name = Debug;
		};
		93B3427A2E386E88006EC422 /* Release */ = {
			isa = XCBuildConfiguration;
			buildSettings = {
				ASSETCATALOG_COMPILER_GENERATE_SWIFT_ASSET_SYMBOL_EXTENSIONS = YES;
				ASSETCATALOG_COMPILER_GLOBAL_ACCENT_COLOR_NAME = AccentColor;
				ASSETCATALOG_COMPILER_WIDGET_BACKGROUND_COLOR_NAME = WidgetBackground;
				CLANG_ANALYZER_NONNULL = YES;
				CLANG_ANALYZER_NUMBER_OBJECT_CONVERSION = YES_AGGRESSIVE;
				CLANG_CXX_LANGUAGE_STANDARD = "gnu++20";
				CLANG_ENABLE_OBJC_WEAK = YES;
				CLANG_WARN_DOCUMENTATION_COMMENTS = YES;
				CLANG_WARN_QUOTED_INCLUDE_IN_FRAMEWORK_HEADER = YES;
				CLANG_WARN_UNGUARDED_AVAILABILITY = YES_AGGRESSIVE;
				CODE_SIGN_ENTITLEMENTS = ctaTimesExtension.entitlements;
				CODE_SIGN_STYLE = Automatic;
				COPY_PHASE_STRIP = NO;
				CURRENT_PROJECT_VERSION = 8;
				DEBUG_INFORMATION_FORMAT = "dwarf-with-dsym";
				ENABLE_USER_SCRIPT_SANDBOXING = YES;
				GCC_C_LANGUAGE_STANDARD = gnu17;
				GENERATE_INFOPLIST_FILE = YES;
				INFOPLIST_FILE = ctaTimes/Info.plist;
				INFOPLIST_KEY_CFBundleDisplayName = ctaTimes;
				INFOPLIST_KEY_NSHumanReadableCopyright = "";
				IPHONEOS_DEPLOYMENT_TARGET = 18.4;
				LD_RUNPATH_SEARCH_PATHS = (
					"$(inherited)",
					"@executable_path/Frameworks",
					"@executable_path/../../Frameworks",
				);
				LOCALIZATION_PREFERS_STRING_CATALOGS = YES;
				MARKETING_VERSION = 2.0;
				MTL_FAST_MATH = YES;
				OTHER_SWIFT_FLAGS = "$(inherited) -D EXPO_CONFIGURATION_RELEASE";
				PRODUCT_BUNDLE_IDENTIFIER = com.aaronwilliams.commuterv4.ctaTimes;
				PRODUCT_NAME = "$(TARGET_NAME)";
				SKIP_INSTALL = YES;
				SWIFT_COMPILATION_MODE = wholemodule;
				SWIFT_EMIT_LOC_STRINGS = YES;
				SWIFT_VERSION = 5.0;
				TARGETED_DEVICE_FAMILY = "1,2";
				VERSIONING_SYSTEM = "apple-generic";
			};
			name = Release;
		};
/* End XCBuildConfiguration section */

/* Begin XCConfigurationList section */
		13B07F931A680F5B00A75B9A /* Build configuration list for PBXNativeTarget "DailyCommuter" */ = {
			isa = XCConfigurationList;
			buildConfigurations = (
				13B07F941A680F5B00A75B9A /* Debug */,
				13B07F951A680F5B00A75B9A /* Release */,
			);
			defaultConfigurationIsVisible = 0;
			defaultConfigurationName = Release;
		};
		83CBB9FA1A601CBA00E9B192 /* Build configuration list for PBXProject "DailyCommuter" */ = {
			isa = XCConfigurationList;
			buildConfigurations = (
				83CBBA201A601CBA00E9B192 /* Debug */,
				83CBBA211A601CBA00E9B192 /* Release */,
			);
			defaultConfigurationIsVisible = 0;
			defaultConfigurationName = Release;
		};
		93B3427C2E386E88006EC422 /* Build configuration list for PBXNativeTarget "ctaTimesExtension" */ = {
			isa = XCConfigurationList;
			buildConfigurations = (
				93B342792E386E88006EC422 /* Debug */,
				93B3427A2E386E88006EC422 /* Release */,
			);
			defaultConfigurationIsVisible = 0;
			defaultConfigurationName = Release;
		};
/* End XCConfigurationList section */
	};
	rootObject = 83CBB9F71A601CBA00E9B192 /* Project object */;
}
